
Microsoft Visual Studio Solution File, Format Version 12.00
# Visual Studio 15
VisualStudioVersion = 15.0.28307.489
MinimumVisualStudioVersion = 10.0.40219.1
Project("{FAE04EC0-301F-11D3-BF4B-00C04F79EFBC}") = "PAINT", "..\..\..\..\..\source\repos\ConsoleApp6\WpfApp1\PAINT.csproj", "{D5D59F3E-F88D-42A7-AFD2-FEB05182958A}"
EndProject
Global
	GlobalSection(SolutionConfigurationPlatforms) = preSolution
		Debug|Any CPU = Debug|Any CPU
		Release|Any CPU = Release|Any CPU
	EndGlobalSection
	GlobalSection(ProjectConfigurationPlatforms) = postSolution
		{D5D59F3E-F88D-42A7-AFD2-FEB05182958A}.Debug|Any CPU.ActiveCfg = Debug|Any CPU
		{D5D59F3E-F88D-42A7-AFD2-FEB05182958A}.Debug|Any CPU.Build.0 = Debug|Any CPU
		{D5D59F3E-F88D-42A7-AFD2-FEB05182958A}.Release|Any CPU.ActiveCfg = Release|Any CPU
		{D5D59F3E-F88D-42A7-AFD2-FEB05182958A}.Release|Any CPU.Build.0 = Release|Any CPU
	EndGlobalSection
	GlobalSection(SolutionProperties) = preSolution
		HideSolutionNode = FALSE
	EndGlobalSection
	GlobalSection(ExtensibilityGlobals) = postSolution
		SolutionGuid = {04C4C773-243F-484E-AD40-82CBF9A53734}
	EndGlobalSection
EndGlobal
