
Microsoft Visual Studio Solution File, Format Version 12.00
# Visual Studio 15
VisualStudioVersion = 15.0.28307.489
MinimumVisualStudioVersion = 10.0.40219.1
Project("{FAE04EC0-301F-11D3-BF4B-00C04F79EFBC}") = "DBConnection", "..\..\..\..\..\source\repos\DBConnection\DBConnection\DBConnection.csproj", "{318D3970-51CD-462F-8B83-9ED4D8C2AE34}"
EndProject
Global
	GlobalSection(SolutionConfigurationPlatforms) = preSolution
		Debug|Any CPU = Debug|Any CPU
		Release|Any CPU = Release|Any CPU
	EndGlobalSection
	GlobalSection(ProjectConfigurationPlatforms) = postSolution
		{318D3970-51CD-462F-8B83-9ED4D8C2AE34}.Debug|Any CPU.ActiveCfg = Debug|Any CPU
		{318D3970-51CD-462F-8B83-9ED4D8C2AE34}.Debug|Any CPU.Build.0 = Debug|Any CPU
		{318D3970-51CD-462F-8B83-9ED4D8C2AE34}.Release|Any CPU.ActiveCfg = Release|Any CPU
		{318D3970-51CD-462F-8B83-9ED4D8C2AE34}.Release|Any CPU.Build.0 = Release|Any CPU
	EndGlobalSection
	GlobalSection(SolutionProperties) = preSolution
		HideSolutionNode = FALSE
	EndGlobalSection
	GlobalSection(ExtensibilityGlobals) = postSolution
		SolutionGuid = {3A60C821-4A72-4584-B057-B794D4356848}
	EndGlobalSection
EndGlobal
